
Microsoft Visual Studio Solution File, Format Version 12.00
# Visual Studio Version 17
VisualStudioVersion = 17.12.35707.178
MinimumVisualStudioVersion = 10.0.40219.1
Project("{FAE04EC0-301F-11D3-BF4B-00C04F79EFBC}") = "ihnm", "ihnm\ihnm.csproj", "{774D2C3C-A175-4703-8B3B-51C444DFA504}"
EndProject
Project("{FAE04EC0-301F-11D3-BF4B-00C04F79EFBC}") = "ihnm.Desktop", "ihnm.Desktop\ihnm.Desktop.csproj", "{60526B3E-E0A1-4F6C-82DB-C39D42157C07}"
EndProject
Global
	GlobalSection(SolutionConfigurationPlatforms) = preSolution
		Debug|Any CPU = Debug|Any CPU
		Debug|x64 = Debug|x64
		Release|Any CPU = Release|Any CPU
		Release|x64 = Release|x64
	EndGlobalSection
	GlobalSection(ProjectConfigurationPlatforms) = postSolution
		{774D2C3C-A175-4703-8B3B-51C444DFA504}.Debug|Any CPU.ActiveCfg = Debug|Any CPU
		{774D2C3C-A175-4703-8B3B-51C444DFA504}.Debug|Any CPU.Build.0 = Debug|Any CPU
		{774D2C3C-A175-4703-8B3B-51C444DFA504}.Debug|x64.ActiveCfg = Debug|Any CPU
		{774D2C3C-A175-4703-8B3B-51C444DFA504}.Debug|x64.Build.0 = Debug|Any CPU
		{774D2C3C-A175-4703-8B3B-51C444DFA504}.Release|Any CPU.ActiveCfg = Release|Any CPU
		{774D2C3C-A175-4703-8B3B-51C444DFA504}.Release|Any CPU.Build.0 = Release|Any CPU
		{774D2C3C-A175-4703-8B3B-51C444DFA504}.Release|x64.ActiveCfg = Release|Any CPU
		{774D2C3C-A175-4703-8B3B-51C444DFA504}.Release|x64.Build.0 = Release|Any CPU
		{60526B3E-E0A1-4F6C-82DB-C39D42157C07}.Debug|Any CPU.ActiveCfg = Debug|Any CPU
		{60526B3E-E0A1-4F6C-82DB-C39D42157C07}.Debug|Any CPU.Build.0 = Debug|Any CPU
		{60526B3E-E0A1-4F6C-82DB-C39D42157C07}.Debug|x64.ActiveCfg = Debug|x64
		{60526B3E-E0A1-4F6C-82DB-C39D42157C07}.Debug|x64.Build.0 = Debug|x64
		{60526B3E-E0A1-4F6C-82DB-C39D42157C07}.Release|Any CPU.ActiveCfg = Release|Any CPU
		{60526B3E-E0A1-4F6C-82DB-C39D42157C07}.Release|Any CPU.Build.0 = Release|Any CPU
		{60526B3E-E0A1-4F6C-82DB-C39D42157C07}.Release|x64.ActiveCfg = Release|x64
		{60526B3E-E0A1-4F6C-82DB-C39D42157C07}.Release|x64.Build.0 = Release|x64
	EndGlobalSection
	GlobalSection(SolutionProperties) = preSolution
		HideSolutionNode = FALSE
	EndGlobalSection
EndGlobal
